# THIS IS AN AUTOGENERATED FILE. DO NOT EDIT THIS FILE DIRECTLY.
# yarn lockfile v1


commander@^5.0.0:
  version "5.0.0"
  resolved "https://registry.yarnpkg.com/commander/-/commander-5.0.0.tgz#dbf1909b49e5044f8fdaf0adc809f0c0722bdfd0"
  integrity sha512-JrDGPAKjMGSP1G0DUoaceEJ3DZgAfr/q6X7FVk4+U5KxUSKviYGM2k6zWkfyyBHy5rAtzgYJFa1ro2O9PtoxwQ==
